// !$*UTF8*$!
{
	archiveVersion = 1;
	classes = {
	};
	objectVersion = 46;
	objects = {

/* Begin PBXBuildFile section */
		4D4406C61D4EBF8100DA27BE /* AppDelegate.swift in Sources */ = {isa = PBXBuildFile; fileRef = 4D4406C51D4EBF8100DA27BE /* AppDelegate.swift */; };
		4D4406C81D4EBF8100DA27BE /* TipViewController.swift in Sources */ = {isa = PBXBuildFile; fileRef = 4D4406C71D4EBF8100DA27BE /* TipViewController.swift */; };
		4D4406CB1D4EBF8100DA27BE /* Main.storyboard in Resources */ = {isa = PBXBuildFile; fileRef = 4D4406C91D4EBF8100DA27BE /* Main.storyboard */; };
		4D4406CD1D4EBF8100DA27BE /* Assets.xcassets in Resources */ = {isa = PBXBuildFile; fileRef = 4D4406CC1D4EBF8100DA27BE /* Assets.xcassets */; };
		4D4406D01D4EBF8100DA27BE /* LaunchScreen.storyboard in Resources */ = {isa = PBXBuildFile; fileRef = 4D4406CE1D4EBF8100DA27BE /* LaunchScreen.storyboard */; };
		4D4406D81D4ED0B000DA27BE /* SettingsViewController.swift in Sources */ = {isa = PBXBuildFile; fileRef = 4D4406D71D4ED0B000DA27BE /* SettingsViewController.swift */; };
		4D4406DA1D4EDD6200DA27BE /* tipModel.swift in Sources */ = {isa = PBXBuildFile; fileRef = 4D4406D91D4EDD6200DA27BE /* tipModel.swift */; };
/* End PBXBuildFile section */

/* Begin PBXFileReference section */
		4D4406C21D4EBF8100DA27BE /* tip-calc.app */ = {isa = PBXFileReference; explicitFileType = wrapper.application; includeInIndex = 0; path = "tip-calc.app"; sourceTree = BUILT_PRODUCTS_DIR; };
		4D4406C51D4EBF8100DA27BE /* AppDelegate.swift */ = {isa = PBXFileReference; lastKnownFileType = sourcecode.swift; path = AppDelegate.swift; sourceTree = "<group>"; };
		4D4406C71D4EBF8100DA27BE /* TipViewController.swift */ = {isa = PBXFileReference; lastKnownFileType = sourcecode.swift; path = TipViewController.swift; sourceTree = "<group>"; };
		4D4406CA1D4EBF8100DA27BE /* Base */ = {isa = PBXFileReference; lastKnownFileType = file.storyboard; name = Base; path = Base.lproj/Main.storyboard; sourceTree = "<group>"; };
		4D4406CC1D4EBF8100DA27BE /* Assets.xcassets */ = {isa = PBXFileReference; lastKnownFileType = folder.assetcatalog; path = Assets.xcassets; sourceTree = "<group>"; };
		4D4406CF1D4EBF8100DA27BE /* Base */ = {isa = PBXFileReference; lastKnownFileType = file.storyboard; name = Base; path = Base.lproj/LaunchScreen.storyboard; sourceTree = "<group>"; };
		4D4406D11D4EBF8100DA27BE /* Info.plist */ = {isa = PBXFileReference; lastKnownFileType = text.plist.xml; path = Info.plist; sourceTree = "<group>"; };
		4D4406D71D4ED0B000DA27BE /* SettingsViewController.swift */ = {isa = PBXFileReference; fileEncoding = 4; lastKnownFileType = sourcecode.swift; path = SettingsViewController.swift; sourceTree = "<group>"; };
		4D4406D91D4EDD6200DA27BE /* tipModel.swift */ = {isa = PBXFileReference; fileEncoding = 4; lastKnownFileType = sourcecode.swift; path = tipModel.swift; sourceTree = "<group>"; };
/* End PBXFileReference section */

/* Begin PBXFrameworksBuildPhase section */
		4D4406BF1D4EBF8100DA27BE /* Frameworks */ = {
			isa = PBXFrameworksBuildPhase;
			buildActionMask = 2147483647;
			files = (
			);
			runOnlyForDeploymentPostprocessing = 0;
		};
/* End PBXFrameworksBuildPhase section */

/* Begin PBXGroup section */
		4D4406B91D4EBF8100DA27BE = {
			isa = PBXGroup;
			children = (
				4D4406C41D4EBF8100DA27BE /* tip-calc */,
				4D4406C31D4EBF8100DA27BE /* Products */,
			);
			sourceTree = "<group>";
		};
		4D4406C31D4EBF8100DA27BE /* Products */ = {
			isa = PBXGroup;
			children = (
				4D4406C21D4EBF8100DA27BE /* tip-calc.app */,
			);
			name = Products;
			sourceTree = "<group>";
		};
		4D4406C41D4EBF8100DA27BE /* tip-calc */ = {
			isa = PBXGroup;
			children = (
				4D4406C51D4EBF8100DA27BE /* AppDelegate.swift */,
				4D4406C71D4EBF8100DA27BE /* TipViewController.swift */,
				4D4406D91D4EDD6200DA27BE /* tipModel.swift */,
				4D4406D71D4ED0B000DA27BE /* SettingsViewController.swift */,
				4D4406C91D4EBF8100DA27BE /* Main.storyboard */,
				4D4406CC1D4EBF8100DA27BE /* Assets.xcassets */,
				4D4406CE1D4EBF8100DA27BE /* LaunchScreen.storyboard */,
				4D4406D11D4EBF8100DA27BE /* Info.plist */,
			);
			path = "tip-calc";
			sourceTree = "<group>";
		};
/* End PBXGroup section */

/* Begin PBXNativeTarget section */
		4D4406C11D4EBF8100DA27BE /* tip-calc */ = {
			isa = PBXNativeTarget;
			buildConfigurationList = 4D4406D41D4EBF8100DA27BE /* Build configuration list for PBXNativeTarget "tip-calc" */;
			buildPhases = (
				4D4406BE1D4EBF8100DA27BE /* Sources */,
				4D4406BF1D4EBF8100DA27BE /* Frameworks */,
				4D4406C01D4EBF8100DA27BE /* Resources */,
			);
			buildRules = (
			);
			dependencies = (
			);
			name = "tip-calc";
			productName = "tip-calc";
			productReference = 4D4406C21D4EBF8100DA27BE /* tip-calc.app */;
			productType = "com.apple.product-type.application";
		};
/* End PBXNativeTarget section */

/* Begin PBXProject section */
		4D4406BA1D4EBF8100DA27BE /* Project object */ = {
			isa = PBXProject;
			attributes = {
				LastSwiftUpdateCheck = 0800;
				LastUpgradeCheck = 0800;
				ORGANIZATIONNAME = "elli chi";
				TargetAttributes = {
					4D4406C11D4EBF8100DA27BE = {
						CreatedOnToolsVersion = 8.0;
						DevelopmentTeam = 54M7EW46NR;
						DevelopmentTeamName = "Elliot Chi (Personal Team)";
						ProvisioningStyle = Automatic;
					};
				};
			};
			buildConfigurationList = 4D4406BD1D4EBF8100DA27BE /* Build configuration list for PBXProject "tip-calc" */;
			compatibilityVersion = "Xcode 3.2";
			developmentRegion = English;
			hasScannedForEncodings = 0;
			knownRegions = (
				en,
				Base,
			);
			mainGroup = 4D4406B91D4EBF8100DA27BE;
			productRefGroup = 4D4406C31D4EBF8100DA27BE /* Products */;
			projectDirPath = "";
			projectRoot = "";
			targets = (
				4D4406C11D4EBF8100DA27BE /* tip-calc */,
			);
		};
/* End PBXProject section */

/* Begin PBXResourcesBuildPhase section */
		4D4406C01D4EBF8100DA27BE /* Resources */ = {
			isa = PBXResourcesBuildPhase;
			buildActionMask = 2147483647;
			files = (
				4D4406D01D4EBF8100DA27BE /* LaunchScreen.storyboard in Resources */,
				4D4406CD1D4EBF8100DA27BE /* Assets.xcassets in Resources */,
				4D4406CB1D4EBF8100DA27BE /* Main.storyboard in Resources */,
			);
			runOnlyForDeploymentPostprocessing = 0;
		};
/* End PBXResourcesBuildPhase section */

/* Begin PBXSourcesBuildPhase section */
		4D4406BE1D4EBF8100DA27BE /* Sources */ = {
			isa = PBXSourcesBuildPhase;
			buildActionMask = 2147483647;
			files = (
				4D4406C81D4EBF8100DA27BE /* TipViewController.swift in Sources */,
				4D4406C61D4EBF8100DA27BE /* AppDelegate.swift in Sources */,
				4D4406D81D4ED0B000DA27BE /* SettingsViewController.swift in Sources */,
				4D4406DA1D4EDD6200DA27BE /* tipModel.swift in Sources */,
			);
			runOnlyForDeploymentPostprocessing = 0;
		};
/* End PBXSourcesBuildPhase section */

/* Begin PBXVariantGroup section */
		4D4406C91D4EBF8100DA27BE /* Main.storyboard */ = {
			isa = PBXVariantGroup;
			children = (
				4D4406CA1D4EBF8100DA27BE /* Base */,
			);
			name = Main.storyboard;
			sourceTree = "<group>";
		};
		4D4406CE1D4EBF8100DA27BE /* LaunchScreen.storyboard */ = {
			isa = PBXVariantGroup;
			children = (
				4D4406CF1D4EBF8100DA27BE /* Base */,
			);
			name = LaunchScreen.storyboard;
			sourceTree = "<group>";
		};
/* End PBXVariantGroup section */

/* Begin XCBuildConfiguration section */
		4D4406D21D4EBF8100DA27BE /* Debug */ = {
			isa = XCBuildConfiguration;
			buildSettings = {
				ALWAYS_SEARCH_USER_PATHS = NO;
				CLANG_ANALYZER_NONNULL = YES;
				CLANG_CXX_LANGUAGE_STANDARD = "gnu++0x";
				CLANG_CXX_LIBRARY = "libc++";
				CLANG_ENABLE_MODULES = YES;
				CLANG_ENABLE_OBJC_ARC = YES;
				CLANG_WARN_BOOL_CONVERSION = YES;
				CLANG_WARN_CONSTANT_CONVERSION = YES;
				CLANG_WARN_DIRECT_OBJC_ISA_USAGE = YES_ERROR;
				CLANG_WARN_DOCUMENTATION_COMMENTS = YES;
				CLANG_WARN_EMPTY_BODY = YES;
				CLANG_WARN_ENUM_CONVERSION = YES;
				CLANG_WARN_INT_CONVERSION = YES;
				CLANG_WARN_OBJC_ROOT_CLASS = YES_ERROR;
				CLANG_WARN_UNREACHABLE_CODE = YES;
				CLANG_WARN__DUPLICATE_METHOD_MATCH = YES;
				"CODE_SIGN_IDENTITY[sdk=iphoneos*]" = "iPhone Developer";
				COPY_PHASE_STRIP = NO;
				DEBUG_INFORMATION_FORMAT = dwarf;
				ENABLE_STRICT_OBJC_MSGSEND = YES;
				ENABLE_TESTABILITY = YES;
				GCC_C_LANGUAGE_STANDARD = gnu99;
				GCC_DYNAMIC_NO_PIC = NO;
				GCC_NO_COMMON_BLOCKS = YES;
				GCC_OPTIMIZATION_LEVEL = 0;
				GCC_PREPROCESSOR_DEFINITIONS = (
					"DEBUG=1",
					"$(inherited)",
				);
				GCC_WARN_64_TO_32_BIT_CONVERSION = YES;
				GCC_WARN_ABOUT_RETURN_TYPE = YES_ERROR;
				GCC_WARN_UNDECLARED_SELECTOR = YES;
				GCC_WARN_UNINITIALIZED_AUTOS = YES_AGGRESSIVE;
				GCC_WARN_UNUSED_FUNCTION = YES;
				GCC_WARN_UNUSED_VARIABLE = YES;
				IPHONEOS_DEPLOYMENT_TARGET = 10.0;
				MTL_ENABLE_DEBUG_INFO = YES;
				ONLY_ACTIVE_ARCH = YES;
				SDKROOT = iphoneos;
				SWIFT_ACTIVE_COMPILATION_CONDITIONS = DEBUG;
				SWIFT_OPTIMIZATION_LEVEL = "-Onone";
			};
			name = Debug;
		};
		4D4406D31D4EBF8100DA27BE /* Release */ = {
			isa = XCBuildConfiguration;
			buildSettings = {
				ALWAYS_SEARCH_USER_PATHS = NO;
				CLANG_ANALYZER_NONNULL = YES;
				CLANG_CXX_LANGUAGE_STANDARD = "gnu++0x";
				CLANG_CXX_LIBRARY = "libc++";
				CLANG_ENABLE_MODULES = YES;
				CLANG_ENABLE_OBJC_ARC = YES;
				CLANG_WARN_BOOL_CONVERSION = YES;
				CLANG_WARN_CONSTANT_CONVERSION = YES;
				CLANG_WARN_DIRECT_OBJC_ISA_USAGE = YES_ERROR;
				CLANG_WARN_DOCUMENTATION_COMMENTS = YES;
				CLANG_WARN_EMPTY_BODY = YES;
				CLANG_WARN_ENUM_CONVERSION = YES;
				CLANG_WARN_INT_CONVERSION = YES;
				CLANG_WARN_OBJC_ROOT_CLASS = YES_ERROR;
				CLANG_WARN_UNREACHABLE_CODE = YES;
				CLANG_WARN__DUPLICATE_METHOD_MATCH = YES;
				"CODE_SIGN_IDENTITY[sdk=iphoneos*]" = "iPhone Developer";
				COPY_PHASE_STRIP = NO;
				DEBUG_INFORMATION_FORMAT = "dwarf-with-dsym";
				ENABLE_NS_ASSERTIONS = NO;
				ENABLE_STRICT_OBJC_MSGSEND = YES;
				GCC_C_LANGUAGE_STANDARD = gnu99;
				GCC_NO_COMMON_BLOCKS = YES;
				GCC_WARN_64_TO_32_BIT_CONVERSION = YES;
				GCC_WARN_ABOUT_RETURN_TYPE = YES_ERROR;
				GCC_WARN_UNDECLARED_SELECTOR = YES;
				GCC_WARN_UNINITIALIZED_AUTOS = YES_AGGRESSIVE;
				GCC_WARN_UNUSED_FUNCTION = YES;
				GCC_WARN_UNUSED_VARIABLE = YES;
				IPHONEOS_DEPLOYMENT_TARGET = 10.0;
				MTL_ENABLE_DEBUG_INFO = NO;
				SDKROOT = iphoneos;
				SWIFT_OPTIMIZATION_LEVEL = "-Owholemodule";
				VALIDATE_PRODUCT = YES;
			};
			name = Release;
		};
		4D4406D51D4EBF8100DA27BE /* Debug */ = {
			isa = XCBuildConfiguration;
			buildSettings = {
				ASSETCATALOG_COMPILER_APPICON_NAME = AppIcon;
				INFOPLIST_FILE = "tip-calc/Info.plist";
				LD_RUNPATH_SEARCH_PATHS = "$(inherited) @executable_path/Frameworks";
				PRODUCT_BUNDLE_IDENTIFIER = "com.ellichi.tip-calc";
				PRODUCT_NAME = "$(TARGET_NAME)";
				SWIFT_VERSION = 3.0;
			};
			name = Debug;
		};
		4D4406D61D4EBF8100DA27BE /* Release */ = {
			isa = XCBuildConfiguration;
			buildSettings = {
				ASSETCATALOG_COMPILER_APPICON_NAME = AppIcon;
				INFOPLIST_FILE = "tip-calc/Info.plist";
				LD_RUNPATH_SEARCH_PATHS = "$(inherited) @executable_path/Frameworks";
				PRODUCT_BUNDLE_IDENTIFIER = "com.ellichi.tip-calc";
				PRODUCT_NAME = "$(TARGET_NAME)";
				SWIFT_VERSION = 3.0;
			};
			name = Release;
		};
/* End XCBuildConfiguration section */

/* Begin XCConfigurationList section */
		4D4406BD1D4EBF8100DA27BE /* Build configuration list for PBXProject "tip-calc" */ = {
			isa = XCConfigurationList;
			buildConfigurations = (
				4D4406D21D4EBF8100DA27BE /* Debug */,
				4D4406D31D4EBF8100DA27BE /* Release */,
			);
			defaultConfigurationIsVisible = 0;
			defaultConfigurationName = Release;
		};
		4D4406D41D4EBF8100DA27BE /* Build configuration list for PBXNativeTarget "tip-calc" */ = {
			isa = XCConfigurationList;
			buildConfigurations = (
				4D4406D51D4EBF8100DA27BE /* Debug */,
				4D4406D61D4EBF8100DA27BE /* Release */,
			);
			defaultConfigurationIsVisible = 0;
		};
/* End XCConfigurationList section */
	};
	rootObject = 4D4406BA1D4EBF8100DA27BE /* Project object */;
}
